
Microsoft Visual Studio Solution File, Format Version 10.00
# Visual Studio 2008
Project("{FAE04EC0-301F-11D3-BF4B-00C04F79EFBC}") = "ArcGISMobileSpatialBookmarkSample", "ArcGISMobileSpatialBookmarkSample\ArcGISMobileSpatialBookmarkSample.csproj", "{DB3C0236-502C-44C5-BC38-D9DD4E3A4758}"
EndProject
Project("{FAE04EC0-301F-11D3-BF4B-00C04F79EFBC}") = "SpatialBookmarkClass", "SpatialBookmarkClass\SpatialBookmarkClass.csproj", "{FFA34FE5-320A-464E-ABBE-97BD618E10E9}"
EndProject
Project("{FAE04EC0-301F-11D3-BF4B-00C04F79EFBC}") = "SpatialBookmarkManager", "SpatialBookmarkUserControl\SpatialBookmarkManager.csproj", "{513631D3-A39F-4F5C-894D-CF25F9F9F462}"
EndProject
Global
	GlobalSection(SolutionConfigurationPlatforms) = preSolution
		Debug|Any CPU = Debug|Any CPU
		Release|Any CPU = Release|Any CPU
	EndGlobalSection
	GlobalSection(ProjectConfigurationPlatforms) = postSolution
		{DB3C0236-502C-44C5-BC38-D9DD4E3A4758}.Debug|Any CPU.ActiveCfg = Debug|Any CPU
		{DB3C0236-502C-44C5-BC38-D9DD4E3A4758}.Debug|Any CPU.Build.0 = Debug|Any CPU
		{DB3C0236-502C-44C5-BC38-D9DD4E3A4758}.Debug|Any CPU.Deploy.0 = Debug|Any CPU
		{DB3C0236-502C-44C5-BC38-D9DD4E3A4758}.Release|Any CPU.ActiveCfg = Release|Any CPU
		{DB3C0236-502C-44C5-BC38-D9DD4E3A4758}.Release|Any CPU.Build.0 = Release|Any CPU
		{DB3C0236-502C-44C5-BC38-D9DD4E3A4758}.Release|Any CPU.Deploy.0 = Release|Any CPU
		{FFA34FE5-320A-464E-ABBE-97BD618E10E9}.Debug|Any CPU.ActiveCfg = Debug|Any CPU
		{FFA34FE5-320A-464E-ABBE-97BD618E10E9}.Debug|Any CPU.Build.0 = Debug|Any CPU
		{FFA34FE5-320A-464E-ABBE-97BD618E10E9}.Release|Any CPU.ActiveCfg = Release|Any CPU
		{FFA34FE5-320A-464E-ABBE-97BD618E10E9}.Release|Any CPU.Build.0 = Release|Any CPU
		{513631D3-A39F-4F5C-894D-CF25F9F9F462}.Debug|Any CPU.ActiveCfg = Debug|Any CPU
		{513631D3-A39F-4F5C-894D-CF25F9F9F462}.Debug|Any CPU.Build.0 = Debug|Any CPU
		{513631D3-A39F-4F5C-894D-CF25F9F9F462}.Release|Any CPU.ActiveCfg = Release|Any CPU
		{513631D3-A39F-4F5C-894D-CF25F9F9F462}.Release|Any CPU.Build.0 = Release|Any CPU
	EndGlobalSection
	GlobalSection(SolutionProperties) = preSolution
		HideSolutionNode = FALSE
	EndGlobalSection
EndGlobal
